
Microsoft Visual Studio Solution File, Format Version 12.00
# Visual Studio 15
VisualStudioVersion = 15.0.27703.2042
MinimumVisualStudioVersion = 10.0.40219.1
Project("{8BC9CEB8-8B4A-11D0-8D11-00A0C91BC942}") = "VulkanTutorialFollowAlong", "VulkanTutorialFollowAlong.vcxproj", "{C61BA954-EAE0-49F3-859E-A0AD9F2E4A94}"
EndProject
Global
	GlobalSection(SolutionConfigurationPlatforms) = preSolution
		Debug|x64 = Debug|x64
		Debug|x86 = Debug|x86
		Release|x64 = Release|x64
		Release|x86 = Release|x86
	EndGlobalSection
	GlobalSection(ProjectConfigurationPlatforms) = postSolution
		{C61BA954-EAE0-49F3-859E-A0AD9F2E4A94}.Debug|x64.ActiveCfg = Debug|x64
		{C61BA954-EAE0-49F3-859E-A0AD9F2E4A94}.Debug|x64.Build.0 = Debug|x64
		{C61BA954-EAE0-49F3-859E-A0AD9F2E4A94}.Debug|x86.ActiveCfg = Debug|Win32
		{C61BA954-EAE0-49F3-859E-A0AD9F2E4A94}.Debug|x86.Build.0 = Debug|Win32
		{C61BA954-EAE0-49F3-859E-A0AD9F2E4A94}.Release|x64.ActiveCfg = Release|x64
		{C61BA954-EAE0-49F3-859E-A0AD9F2E4A94}.Release|x64.Build.0 = Release|x64
		{C61BA954-EAE0-49F3-859E-A0AD9F2E4A94}.Release|x86.ActiveCfg = Release|Win32
		{C61BA954-EAE0-49F3-859E-A0AD9F2E4A94}.Release|x86.Build.0 = Release|Win32
	EndGlobalSection
	GlobalSection(SolutionProperties) = preSolution
		HideSolutionNode = FALSE
	EndGlobalSection
	GlobalSection(ExtensibilityGlobals) = postSolution
		SolutionGuid = {8085EE0A-9FB8-4EA8-A6B9-0C12DF674756}
	EndGlobalSection
EndGlobal
